
Microsoft Visual Studio Solution File, Format Version 12.00
# Visual Studio Version 16
VisualStudioVersion = 16.0.31129.286
MinimumVisualStudioVersion = 10.0.40219.1
Project("{FAE04EC0-301F-11D3-BF4B-00C04F79EFBC}") = "RestaurantAPI", "RestaurantAPI.csproj", "{F45389E7-FFCE-4294-9239-64E740F01AEB}"
EndProject
Global
	GlobalSection(SolutionConfigurationPlatforms) = preSolution
		Debug|Any CPU = Debug|Any CPU
		Release|Any CPU = Release|Any CPU
	EndGlobalSection
	GlobalSection(ProjectConfigurationPlatforms) = postSolution
		{F45389E7-FFCE-4294-9239-64E740F01AEB}.Debug|Any CPU.ActiveCfg = Debug|Any CPU
		{F45389E7-FFCE-4294-9239-64E740F01AEB}.Debug|Any CPU.Build.0 = Debug|Any CPU
		{F45389E7-FFCE-4294-9239-64E740F01AEB}.Release|Any CPU.ActiveCfg = Release|Any CPU
		{F45389E7-FFCE-4294-9239-64E740F01AEB}.Release|Any CPU.Build.0 = Release|Any CPU
	EndGlobalSection
	GlobalSection(SolutionProperties) = preSolution
		HideSolutionNode = FALSE
	EndGlobalSection
	GlobalSection(ExtensibilityGlobals) = postSolution
		SolutionGuid = {1E7D66FF-2023-4CA9-8B03-6C96B40BD9C8}
	EndGlobalSection
EndGlobal
